# This file is generated by running "yarn install" inside your project.
# Manual changes might be lost - proceed with caution!

__metadata:
  version: 8
  cacheKey: 10c0

"@esbuild/aix-ppc64@npm:0.23.1":
  version: 0.23.1
  resolution: "@esbuild/aix-ppc64@npm:0.23.1"
  conditions: os=aix & cpu=ppc64
  languageName: node
  linkType: hard

"@esbuild/android-arm64@npm:0.23.1":
  version: 0.23.1
  resolution: "@esbuild/android-arm64@npm:0.23.1"
  conditions: os=android & cpu=arm64
  languageName: node
  linkType: hard

"@esbuild/android-arm@npm:0.23.1":
  version: 0.23.1
  resolution: "@esbuild/android-arm@npm:0.23.1"
  conditions: os=android & cpu=arm
  languageName: node
  linkType: hard

"@esbuild/android-x64@npm:0.23.1":
  version: 0.23.1
  resolution: "@esbuild/android-x64@npm:0.23.1"
  conditions: os=android & cpu=x64
  languageName: node
  linkType: hard

"@esbuild/darwin-arm64@npm:0.23.1":
  version: 0.23.1
  resolution: "@esbuild/darwin-arm64@npm:0.23.1"
  conditions: os=darwin & cpu=arm64
  languageName: node
  linkType: hard

"@esbuild/darwin-x64@npm:0.23.1":
  version: 0.23.1
  resolution: "@esbuild/darwin-x64@npm:0.23.1"
  conditions: os=darwin & cpu=x64
  languageName: node
  linkType: hard

"@esbuild/freebsd-arm64@npm:0.23.1":
  version: 0.23.1
  resolution: "@esbuild/freebsd-arm64@npm:0.23.1"
  conditions: os=freebsd & cpu=arm64
  languageName: node
  linkType: hard

"@esbuild/freebsd-x64@npm:0.23.1":
  version: 0.23.1
  resolution: "@esbuild/freebsd-x64@npm:0.23.1"
  conditions: os=freebsd & cpu=x64
  languageName: node
  linkType: hard

"@esbuild/linux-arm64@npm:0.23.1":
  version: 0.23.1
  resolution: "@esbuild/linux-arm64@npm:0.23.1"
  conditions: os=linux & cpu=arm64
  languageName: node
  linkType: hard

"@esbuild/linux-arm@npm:0.23.1":
  version: 0.23.1
  resolution: "@esbuild/linux-arm@npm:0.23.1"
  conditions: os=linux & cpu=arm
  languageName: node
  linkType: hard

"@esbuild/linux-ia32@npm:0.23.1":
  version: 0.23.1
  resolution: "@esbuild/linux-ia32@npm:0.23.1"
  conditions: os=linux & cpu=ia32
  languageName: node
  linkType: hard

"@esbuild/linux-loong64@npm:0.23.1":
  version: 0.23.1
  resolution: "@esbuild/linux-loong64@npm:0.23.1"
  conditions: os=linux & cpu=loong64
  languageName: node
  linkType: hard

"@esbuild/linux-mips64el@npm:0.23.1":
  version: 0.23.1
  resolution: "@esbuild/linux-mips64el@npm:0.23.1"
  conditions: os=linux & cpu=mips64el
  languageName: node
  linkType: hard

"@esbuild/linux-ppc64@npm:0.23.1":
  version: 0.23.1
  resolution: "@esbuild/linux-ppc64@npm:0.23.1"
  conditions: os=linux & cpu=ppc64
  languageName: node
  linkType: hard

"@esbuild/linux-riscv64@npm:0.23.1":
  version: 0.23.1
  resolution: "@esbuild/linux-riscv64@npm:0.23.1"
  conditions: os=linux & cpu=riscv64
  languageName: node
  linkType: hard

"@esbuild/linux-s390x@npm:0.23.1":
  version: 0.23.1
  resolution: "@esbuild/linux-s390x@npm:0.23.1"
  conditions: os=linux & cpu=s390x
  languageName: node
  linkType: hard

"@esbuild/linux-x64@npm:0.23.1":
  version: 0.23.1
  resolution: "@esbuild/linux-x64@npm:0.23.1"
  conditions: os=linux & cpu=x64
  languageName: node
  linkType: hard

"@esbuild/netbsd-x64@npm:0.23.1":
  version: 0.23.1
  resolution: "@esbuild/netbsd-x64@npm:0.23.1"
  conditions: os=netbsd & cpu=x64
  languageName: node
  linkType: hard

"@esbuild/openbsd-arm64@npm:0.23.1":
  version: 0.23.1
  resolution: "@esbuild/openbsd-arm64@npm:0.23.1"
  conditions: os=openbsd & cpu=arm64
  languageName: node
  linkType: hard

"@esbuild/openbsd-x64@npm:0.23.1":
  version: 0.23.1
  resolution: "@esbuild/openbsd-x64@npm:0.23.1"
  conditions: os=openbsd & cpu=x64
  languageName: node
  linkType: hard

"@esbuild/sunos-x64@npm:0.23.1":
  version: 0.23.1
  resolution: "@esbuild/sunos-x64@npm:0.23.1"
  conditions: os=sunos & cpu=x64
  languageName: node
  linkType: hard

"@esbuild/win32-arm64@npm:0.23.1":
  version: 0.23.1
  resolution: "@esbuild/win32-arm64@npm:0.23.1"
  conditions: os=win32 & cpu=arm64
  languageName: node
  linkType: hard

"@esbuild/win32-ia32@npm:0.23.1":
  version: 0.23.1
  resolution: "@esbuild/win32-ia32@npm:0.23.1"
  conditions: os=win32 & cpu=ia32
  languageName: node
  linkType: hard

"@esbuild/win32-x64@npm:0.23.1":
  version: 0.23.1
  resolution: "@esbuild/win32-x64@npm:0.23.1"
  conditions: os=win32 & cpu=x64
  languageName: node
  linkType: hard

"esbuild@npm:^0.23.0":
  version: 0.23.1
  resolution: "esbuild@npm:0.23.1"
  dependencies:
    "@esbuild/aix-ppc64": "npm:0.23.1"
    "@esbuild/android-arm": "npm:0.23.1"
    "@esbuild/android-arm64": "npm:0.23.1"
    "@esbuild/android-x64": "npm:0.23.1"
    "@esbuild/darwin-arm64": "npm:0.23.1"
    "@esbuild/darwin-x64": "npm:0.23.1"
    "@esbuild/freebsd-arm64": "npm:0.23.1"
    "@esbuild/freebsd-x64": "npm:0.23.1"
    "@esbuild/linux-arm": "npm:0.23.1"
    "@esbuild/linux-arm64": "npm:0.23.1"
    "@esbuild/linux-ia32": "npm:0.23.1"
    "@esbuild/linux-loong64": "npm:0.23.1"
    "@esbuild/linux-mips64el": "npm:0.23.1"
    "@esbuild/linux-ppc64": "npm:0.23.1"
    "@esbuild/linux-riscv64": "npm:0.23.1"
    "@esbuild/linux-s390x": "npm:0.23.1"
    "@esbuild/linux-x64": "npm:0.23.1"
    "@esbuild/netbsd-x64": "npm:0.23.1"
    "@esbuild/openbsd-arm64": "npm:0.23.1"
    "@esbuild/openbsd-x64": "npm:0.23.1"
    "@esbuild/sunos-x64": "npm:0.23.1"
    "@esbuild/win32-arm64": "npm:0.23.1"
    "@esbuild/win32-ia32": "npm:0.23.1"
    "@esbuild/win32-x64": "npm:0.23.1"
  dependenciesMeta:
    "@esbuild/aix-ppc64":
      optional: true
    "@esbuild/android-arm":
      optional: true
    "@esbuild/android-arm64":
      optional: true
    "@esbuild/android-x64":
      optional: true
    "@esbuild/darwin-arm64":
      optional: true
    "@esbuild/darwin-x64":
      optional: true
    "@esbuild/freebsd-arm64":
      optional: true
    "@esbuild/freebsd-x64":
      optional: true
    "@esbuild/linux-arm":
      optional: true
    "@esbuild/linux-arm64":
      optional: true
    "@esbuild/linux-ia32":
      optional: true
    "@esbuild/linux-loong64":
      optional: true
    "@esbuild/linux-mips64el":
      optional: true
    "@esbuild/linux-ppc64":
      optional: true
    "@esbuild/linux-riscv64":
      optional: true
    "@esbuild/linux-s390x":
      optional: true
    "@esbuild/linux-x64":
      optional: true
    "@esbuild/netbsd-x64":
      optional: true
    "@esbuild/openbsd-arm64":
      optional: true
    "@esbuild/openbsd-x64":
      optional: true
    "@esbuild/sunos-x64":
      optional: true
    "@esbuild/win32-arm64":
      optional: true
    "@esbuild/win32-ia32":
      optional: true
    "@esbuild/win32-x64":
      optional: true
  bin:
    esbuild: bin/esbuild
  checksum: 10c0/08c2ed1105cc3c5e3a24a771e35532fe6089dd24a39c10097899072cef4a99f20860e41e9294e000d86380f353b04d8c50af482483d7f69f5208481cce61eec7
  languageName: node
  linkType: hard

"kleur@npm:^3.0.3":
  version: 3.0.3
  resolution: "kleur@npm:3.0.3"
  checksum: 10c0/cd3a0b8878e7d6d3799e54340efe3591ca787d9f95f109f28129bdd2915e37807bf8918bb295ab86afb8c82196beec5a1adcaf29042ce3f2bd932b038fe3aa4b
  languageName: node
  linkType: hard

"prettier@npm:^3.3.3":
  version: 3.3.3
  resolution: "prettier@npm:3.3.3"
  bin:
    prettier: bin/prettier.cjs
  checksum: 10c0/b85828b08e7505716324e4245549b9205c0cacb25342a030ba8885aba2039a115dbcf75a0b7ca3b37bc9d101ee61fab8113fc69ca3359f2a226f1ecc07ad2e26
  languageName: node
  linkType: hard

"prompts@npm:^2.4.2":
  version: 2.4.2
  resolution: "prompts@npm:2.4.2"
  dependencies:
    kleur: "npm:^3.0.3"
    sisteransi: "npm:^1.0.5"
  checksum: 10c0/16f1ac2977b19fe2cf53f8411cc98db7a3c8b115c479b2ca5c82b5527cd937aa405fa04f9a5960abeb9daef53191b53b4d13e35c1f5d50e8718c76917c5f1ea4
  languageName: node
  linkType: hard

"sheet-link@workspace:.":
  version: 0.0.0-use.local
  resolution: "sheet-link@workspace:."
  dependencies:
    esbuild: "npm:^0.23.0"
    prettier: "npm:^3.3.3"
    prompts: "npm:^2.4.2"
  languageName: unknown
  linkType: soft

"sisteransi@npm:^1.0.5":
  version: 1.0.5
  resolution: "sisteransi@npm:1.0.5"
  checksum: 10c0/230ac975cca485b7f6fe2b96a711aa62a6a26ead3e6fb8ba17c5a00d61b8bed0d7adc21f5626b70d7c33c62ff4e63933017a6462942c719d1980bb0b1207ad46
  languageName: node
  linkType: hard
